// !$*UTF8*$!
{
	archiveVersion = 1;
	classes = {
	};
	objectVersion = 50;
	objects = {

/* Begin PBXBuildFile section */
		EE9BF27824B7EDAC00ED00D5 /* Assets.xcassets in Resources */ = {isa = PBXBuildFile; fileRef = EE9BF27724B7EDAC00ED00D5 /* Assets.xcassets */; };
		EE9BF28924B7EDAC00ED00D5 /* OpenGL____Tests.m in Sources */ = {isa = PBXBuildFile; fileRef = EE9BF28824B7EDAC00ED00D5 /* OpenGL____Tests.m */; };
		EE9BF29424B7EDAC00ED00D5 /* OpenGL____UITests.m in Sources */ = {isa = PBXBuildFile; fileRef = EE9BF29324B7EDAC00ED00D5 /* OpenGL____UITests.m */; };
		EE9BF2A324B7EDBD00ED00D5 /* GLUT.framework in Frameworks */ = {isa = PBXBuildFile; fileRef = EE9BF2A224B7EDBD00ED00D5 /* GLUT.framework */; };
		EE9BF2A524B7EDCB00ED00D5 /* OpenGL.framework in Frameworks */ = {isa = PBXBuildFile; fileRef = EE9BF2A424B7EDCB00ED00D5 /* OpenGL.framework */; };
		EE9BF2B924B7EEB100ED00D5 /* main.cpp in Sources */ = {isa = PBXBuildFile; fileRef = EE9BF2B824B7EEB100ED00D5 /* main.cpp */; };
		EE9BF2BA24B855DF00ED00D5 /* libGLTools.a in Frameworks */ = {isa = PBXBuildFile; fileRef = EE9BF2B624B7EDFB00ED00D5 /* libGLTools.a */; };
/* End PBXBuildFile section */

/* Begin PBXContainerItemProxy section */
		EE9BF28524B7EDAC00ED00D5 /* PBXContainerItemProxy */ = {
			isa = PBXContainerItemProxy;
			containerPortal = EE9BF26624B7EDAA00ED00D5 /* Project object */;
			proxyType = 1;
			remoteGlobalIDString = EE9BF26D24B7EDAA00ED00D5;
			remoteInfo = "OpenGL图元绘制";
		};
		EE9BF29024B7EDAC00ED00D5 /* PBXContainerItemProxy */ = {
			isa = PBXContainerItemProxy;
			containerPortal = EE9BF26624B7EDAA00ED00D5 /* Project object */;
			proxyType = 1;
			remoteGlobalIDString = EE9BF26D24B7EDAA00ED00D5;
			remoteInfo = "OpenGL图元绘制";
		};
/* End PBXContainerItemProxy section */

/* Begin PBXFileReference section */
		EE9BF26E24B7EDAA00ED00D5 /* OpenGL图元绘制.app */ = {isa = PBXFileReference; explicitFileType = wrapper.application; includeInIndex = 0; path = "OpenGL图元绘制.app"; sourceTree = BUILT_PRODUCTS_DIR; };
		EE9BF27724B7EDAC00ED00D5 /* Assets.xcassets */ = {isa = PBXFileReference; lastKnownFileType = folder.assetcatalog; path = Assets.xcassets; sourceTree = "<group>"; };
		EE9BF27C24B7EDAC00ED00D5 /* Info.plist */ = {isa = PBXFileReference; lastKnownFileType = text.plist.xml; path = Info.plist; sourceTree = "<group>"; };
		EE9BF27F24B7EDAC00ED00D5 /* OpenGL____.entitlements */ = {isa = PBXFileReference; lastKnownFileType = text.plist.entitlements; path = "OpenGL____.entitlements"; sourceTree = "<group>"; };
		EE9BF28424B7EDAC00ED00D5 /* OpenGL图元绘制Tests.xctest */ = {isa = PBXFileReference; explicitFileType = wrapper.cfbundle; includeInIndex = 0; path = "OpenGL图元绘制Tests.xctest"; sourceTree = BUILT_PRODUCTS_DIR; };
		EE9BF28824B7EDAC00ED00D5 /* OpenGL____Tests.m */ = {isa = PBXFileReference; lastKnownFileType = sourcecode.c.objc; path = "OpenGL____Tests.m"; sourceTree = "<group>"; };
		EE9BF28A24B7EDAC00ED00D5 /* Info.plist */ = {isa = PBXFileReference; lastKnownFileType = text.plist.xml; path = Info.plist; sourceTree = "<group>"; };
		EE9BF28F24B7EDAC00ED00D5 /* OpenGL图元绘制UITests.xctest */ = {isa = PBXFileReference; explicitFileType = wrapper.cfbundle; includeInIndex = 0; path = "OpenGL图元绘制UITests.xctest"; sourceTree = BUILT_PRODUCTS_DIR; };
		EE9BF29324B7EDAC00ED00D5 /* OpenGL____UITests.m */ = {isa = PBXFileReference; lastKnownFileType = sourcecode.c.objc; path = "OpenGL____UITests.m"; sourceTree = "<group>"; };
		EE9BF29524B7EDAC00ED00D5 /* Info.plist */ = {isa = PBXFileReference; lastKnownFileType = text.plist.xml; path = Info.plist; sourceTree = "<group>"; };
		EE9BF2A224B7EDBD00ED00D5 /* GLUT.framework */ = {isa = PBXFileReference; lastKnownFileType = wrapper.framework; name = GLUT.framework; path = System/Library/Frameworks/GLUT.framework; sourceTree = SDKROOT; };
		EE9BF2A424B7EDCB00ED00D5 /* OpenGL.framework */ = {isa = PBXFileReference; lastKnownFileType = wrapper.framework; name = OpenGL.framework; path = System/Library/Frameworks/OpenGL.framework; sourceTree = SDKROOT; };
		EE9BF2A724B7EDFB00ED00D5 /* GLBatchBase.h */ = {isa = PBXFileReference; fileEncoding = 4; lastKnownFileType = sourcecode.c.h; path = GLBatchBase.h; sourceTree = "<group>"; };
		EE9BF2A824B7EDFB00ED00D5 /* math3d.h */ = {isa = PBXFileReference; fileEncoding = 4; lastKnownFileType = sourcecode.c.h; path = math3d.h; sourceTree = "<group>"; };
		EE9BF2A924B7EDFB00ED00D5 /* GLTriangleBatch.h */ = {isa = PBXFileReference; fileEncoding = 4; lastKnownFileType = sourcecode.c.h; path = GLTriangleBatch.h; sourceTree = "<group>"; };
		EE9BF2AA24B7EDFB00ED00D5 /* GLBatch.h */ = {isa = PBXFileReference; fileEncoding = 4; lastKnownFileType = sourcecode.c.h; path = GLBatch.h; sourceTree = "<group>"; };
		EE9BF2AB24B7EDFB00ED00D5 /* GLMatrixStack.h */ = {isa = PBXFileReference; fileEncoding = 4; lastKnownFileType = sourcecode.c.h; path = GLMatrixStack.h; sourceTree = "<group>"; };
		EE9BF2AC24B7EDFB00ED00D5 /* GLFrame.h */ = {isa = PBXFileReference; fileEncoding = 4; lastKnownFileType = sourcecode.c.h; path = GLFrame.h; sourceTree = "<group>"; };
		EE9BF2AD24B7EDFB00ED00D5 /* GLFrustum.h */ = {isa = PBXFileReference; fileEncoding = 4; lastKnownFileType = sourcecode.c.h; path = GLFrustum.h; sourceTree = "<group>"; };
		EE9BF2AE24B7EDFB00ED00D5 /* GLGeometryTransform.h */ = {isa = PBXFileReference; fileEncoding = 4; lastKnownFileType = sourcecode.c.h; path = GLGeometryTransform.h; sourceTree = "<group>"; };
		EE9BF2AF24B7EDFB00ED00D5 /* GLShaderManager.h */ = {isa = PBXFileReference; fileEncoding = 4; lastKnownFileType = sourcecode.c.h; path = GLShaderManager.h; sourceTree = "<group>"; };
		EE9BF2B024B7EDFB00ED00D5 /* StopWatch.h */ = {isa = PBXFileReference; fileEncoding = 4; lastKnownFileType = sourcecode.c.h; path = StopWatch.h; sourceTree = "<group>"; };
		EE9BF2B224B7EDFB00ED00D5 /* glxew.h */ = {isa = PBXFileReference; fileEncoding = 4; lastKnownFileType = sourcecode.c.h; path = glxew.h; sourceTree = "<group>"; };
		EE9BF2B324B7EDFB00ED00D5 /* wglew.h */ = {isa = PBXFileReference; fileEncoding = 4; lastKnownFileType = sourcecode.c.h; path = wglew.h; sourceTree = "<group>"; };
		EE9BF2B424B7EDFB00ED00D5 /* glew.h */ = {isa = PBXFileReference; fileEncoding = 4; lastKnownFileType = sourcecode.c.h; path = glew.h; sourceTree = "<group>"; };
		EE9BF2B524B7EDFB00ED00D5 /* GLTools.h */ = {isa = PBXFileReference; fileEncoding = 4; lastKnownFileType = sourcecode.c.h; path = GLTools.h; sourceTree = "<group>"; };
		EE9BF2B624B7EDFB00ED00D5 /* libGLTools.a */ = {isa = PBXFileReference; lastKnownFileType = archive.ar; path = libGLTools.a; sourceTree = "<group>"; };
		EE9BF2B824B7EEB100ED00D5 /* main.cpp */ = {isa = PBXFileReference; lastKnownFileType = sourcecode.cpp.cpp; path = main.cpp; sourceTree = "<group>"; };
/* End PBXFileReference section */

/* Begin PBXFrameworksBuildPhase section */
		EE9BF26B24B7EDAA00ED00D5 /* Frameworks */ = {
			isa = PBXFrameworksBuildPhase;
			buildActionMask = 2147483647;
			files = (
				EE9BF2BA24B855DF00ED00D5 /* libGLTools.a in Frameworks */,
				EE9BF2A524B7EDCB00ED00D5 /* OpenGL.framework in Frameworks */,
				EE9BF2A324B7EDBD00ED00D5 /* GLUT.framework in Frameworks */,
			);
			runOnlyForDeploymentPostprocessing = 0;
		};
		EE9BF28124B7EDAC00ED00D5 /* Frameworks */ = {
			isa = PBXFrameworksBuildPhase;
			buildActionMask = 2147483647;
			files = (
			);
			runOnlyForDeploymentPostprocessing = 0;
		};
		EE9BF28C24B7EDAC00ED00D5 /* Frameworks */ = {
			isa = PBXFrameworksBuildPhase;
			buildActionMask = 2147483647;
			files = (
			);
			runOnlyForDeploymentPostprocessing = 0;
		};
/* End PBXFrameworksBuildPhase section */

/* Begin PBXGroup section */
		EE9BF26524B7EDAA00ED00D5 = {
			isa = PBXGroup;
			children = (
				EE9BF27024B7EDAA00ED00D5 /* OpenGL图元绘制 */,
				EE9BF28724B7EDAC00ED00D5 /* OpenGL图元绘制Tests */,
				EE9BF29224B7EDAC00ED00D5 /* OpenGL图元绘制UITests */,
				EE9BF26F24B7EDAA00ED00D5 /* Products */,
				EE9BF2A124B7EDBD00ED00D5 /* Frameworks */,
			);
			sourceTree = "<group>";
		};
		EE9BF26F24B7EDAA00ED00D5 /* Products */ = {
			isa = PBXGroup;
			children = (
				EE9BF26E24B7EDAA00ED00D5 /* OpenGL图元绘制.app */,
				EE9BF28424B7EDAC00ED00D5 /* OpenGL图元绘制Tests.xctest */,
				EE9BF28F24B7EDAC00ED00D5 /* OpenGL图元绘制UITests.xctest */,
			);
			name = Products;
			sourceTree = "<group>";
		};
		EE9BF27024B7EDAA00ED00D5 /* OpenGL图元绘制 */ = {
			isa = PBXGroup;
			children = (
				EE9BF2A624B7EDFB00ED00D5 /* include */,
				EE9BF27724B7EDAC00ED00D5 /* Assets.xcassets */,
				EE9BF27C24B7EDAC00ED00D5 /* Info.plist */,
				EE9BF27F24B7EDAC00ED00D5 /* OpenGL____.entitlements */,
				EE9BF2B824B7EEB100ED00D5 /* main.cpp */,
			);
			path = "OpenGL图元绘制";
			sourceTree = "<group>";
		};
		EE9BF28724B7EDAC00ED00D5 /* OpenGL图元绘制Tests */ = {
			isa = PBXGroup;
			children = (
				EE9BF28824B7EDAC00ED00D5 /* OpenGL____Tests.m */,
				EE9BF28A24B7EDAC00ED00D5 /* Info.plist */,
			);
			path = "OpenGL图元绘制Tests";
			sourceTree = "<group>";
		};
		EE9BF29224B7EDAC00ED00D5 /* OpenGL图元绘制UITests */ = {
			isa = PBXGroup;
			children = (
				EE9BF29324B7EDAC00ED00D5 /* OpenGL____UITests.m */,
				EE9BF29524B7EDAC00ED00D5 /* Info.plist */,
			);
			path = "OpenGL图元绘制UITests";
			sourceTree = "<group>";
		};
		EE9BF2A124B7EDBD00ED00D5 /* Frameworks */ = {
			isa = PBXGroup;
			children = (
				EE9BF2B624B7EDFB00ED00D5 /* libGLTools.a */,
				EE9BF2A424B7EDCB00ED00D5 /* OpenGL.framework */,
				EE9BF2A224B7EDBD00ED00D5 /* GLUT.framework */,
			);
			name = Frameworks;
			sourceTree = "<group>";
		};
		EE9BF2A624B7EDFB00ED00D5 /* include */ = {
			isa = PBXGroup;
			children = (
				EE9BF2A724B7EDFB00ED00D5 /* GLBatchBase.h */,
				EE9BF2A824B7EDFB00ED00D5 /* math3d.h */,
				EE9BF2A924B7EDFB00ED00D5 /* GLTriangleBatch.h */,
				EE9BF2AA24B7EDFB00ED00D5 /* GLBatch.h */,
				EE9BF2AB24B7EDFB00ED00D5 /* GLMatrixStack.h */,
				EE9BF2AC24B7EDFB00ED00D5 /* GLFrame.h */,
				EE9BF2AD24B7EDFB00ED00D5 /* GLFrustum.h */,
				EE9BF2AE24B7EDFB00ED00D5 /* GLGeometryTransform.h */,
				EE9BF2AF24B7EDFB00ED00D5 /* GLShaderManager.h */,
				EE9BF2B024B7EDFB00ED00D5 /* StopWatch.h */,
				EE9BF2B124B7EDFB00ED00D5 /* GL */,
				EE9BF2B524B7EDFB00ED00D5 /* GLTools.h */,
			);
			path = include;
			sourceTree = "<group>";
		};
		EE9BF2B124B7EDFB00ED00D5 /* GL */ = {
			isa = PBXGroup;
			children = (
				EE9BF2B224B7EDFB00ED00D5 /* glxew.h */,
				EE9BF2B324B7EDFB00ED00D5 /* wglew.h */,
				EE9BF2B424B7EDFB00ED00D5 /* glew.h */,
			);
			path = GL;
			sourceTree = "<group>";
		};
/* End PBXGroup section */

/* Begin PBXNativeTarget section */
		EE9BF26D24B7EDAA00ED00D5 /* OpenGL图元绘制 */ = {
			isa = PBXNativeTarget;
			buildConfigurationList = EE9BF29824B7EDAC00ED00D5 /* Build configuration list for PBXNativeTarget "OpenGL图元绘制" */;
			buildPhases = (
				EE9BF26A24B7EDAA00ED00D5 /* Sources */,
				EE9BF26B24B7EDAA00ED00D5 /* Frameworks */,
				EE9BF26C24B7EDAA00ED00D5 /* Resources */,
			);
			buildRules = (
			);
			dependencies = (
			);
			name = "OpenGL图元绘制";
			productName = "OpenGL图元绘制";
			productReference = EE9BF26E24B7EDAA00ED00D5 /* OpenGL图元绘制.app */;
			productType = "com.apple.product-type.application";
		};
		EE9BF28324B7EDAC00ED00D5 /* OpenGL图元绘制Tests */ = {
			isa = PBXNativeTarget;
			buildConfigurationList = EE9BF29B24B7EDAC00ED00D5 /* Build configuration list for PBXNativeTarget "OpenGL图元绘制Tests" */;
			buildPhases = (
				EE9BF28024B7EDAC00ED00D5 /* Sources */,
				EE9BF28124B7EDAC00ED00D5 /* Frameworks */,
				EE9BF28224B7EDAC00ED00D5 /* Resources */,
			);
			buildRules = (
			);
			dependencies = (
				EE9BF28624B7EDAC00ED00D5 /* PBXTargetDependency */,
			);
			name = "OpenGL图元绘制Tests";
			productName = "OpenGL图元绘制Tests";
			productReference = EE9BF28424B7EDAC00ED00D5 /* OpenGL图元绘制Tests.xctest */;
			productType = "com.apple.product-type.bundle.unit-test";
		};
		EE9BF28E24B7EDAC00ED00D5 /* OpenGL图元绘制UITests */ = {
			isa = PBXNativeTarget;
			buildConfigurationList = EE9BF29E24B7EDAC00ED00D5 /* Build configuration list for PBXNativeTarget "OpenGL图元绘制UITests" */;
			buildPhases = (
				EE9BF28B24B7EDAC00ED00D5 /* Sources */,
				EE9BF28C24B7EDAC00ED00D5 /* Frameworks */,
				EE9BF28D24B7EDAC00ED00D5 /* Resources */,
			);
			buildRules = (
			);
			dependencies = (
				EE9BF29124B7EDAC00ED00D5 /* PBXTargetDependency */,
			);
			name = "OpenGL图元绘制UITests";
			productName = "OpenGL图元绘制UITests";
			productReference = EE9BF28F24B7EDAC00ED00D5 /* OpenGL图元绘制UITests.xctest */;
			productType = "com.apple.product-type.bundle.ui-testing";
		};
/* End PBXNativeTarget section */

/* Begin PBXProject section */
		EE9BF26624B7EDAA00ED00D5 /* Project object */ = {
			isa = PBXProject;
			attributes = {
				LastUpgradeCheck = 1150;
				ORGANIZATIONNAME = tanzhiwu;
				TargetAttributes = {
					EE9BF26D24B7EDAA00ED00D5 = {
						CreatedOnToolsVersion = 11.5;
					};
					EE9BF28324B7EDAC00ED00D5 = {
						CreatedOnToolsVersion = 11.5;
						TestTargetID = EE9BF26D24B7EDAA00ED00D5;
					};
					EE9BF28E24B7EDAC00ED00D5 = {
						CreatedOnToolsVersion = 11.5;
						TestTargetID = EE9BF26D24B7EDAA00ED00D5;
					};
				};
			};
			buildConfigurationList = EE9BF26924B7EDAA00ED00D5 /* Build configuration list for PBXProject "OpenGL图元绘制" */;
			compatibilityVersion = "Xcode 9.3";
			developmentRegion = en;
			hasScannedForEncodings = 0;
			knownRegions = (
				en,
				Base,
			);
			mainGroup = EE9BF26524B7EDAA00ED00D5;
			productRefGroup = EE9BF26F24B7EDAA00ED00D5 /* Products */;
			projectDirPath = "";
			projectRoot = "";
			targets = (
				EE9BF26D24B7EDAA00ED00D5 /* OpenGL图元绘制 */,
				EE9BF28324B7EDAC00ED00D5 /* OpenGL图元绘制Tests */,
				EE9BF28E24B7EDAC00ED00D5 /* OpenGL图元绘制UITests */,
			);
		};
/* End PBXProject section */

/* Begin PBXResourcesBuildPhase section */
		EE9BF26C24B7EDAA00ED00D5 /* Resources */ = {
			isa = PBXResourcesBuildPhase;
			buildActionMask = 2147483647;
			files = (
				EE9BF27824B7EDAC00ED00D5 /* Assets.xcassets in Resources */,
			);
			runOnlyForDeploymentPostprocessing = 0;
		};
		EE9BF28224B7EDAC00ED00D5 /* Resources */ = {
			isa = PBXResourcesBuildPhase;
			buildActionMask = 2147483647;
			files = (
			);
			runOnlyForDeploymentPostprocessing = 0;
		};
		EE9BF28D24B7EDAC00ED00D5 /* Resources */ = {
			isa = PBXResourcesBuildPhase;
			buildActionMask = 2147483647;
			files = (
			);
			runOnlyForDeploymentPostprocessing = 0;
		};
/* End PBXResourcesBuildPhase section */

/* Begin PBXSourcesBuildPhase section */
		EE9BF26A24B7EDAA00ED00D5 /* Sources */ = {
			isa = PBXSourcesBuildPhase;
			buildActionMask = 2147483647;
			files = (
				EE9BF2B924B7EEB100ED00D5 /* main.cpp in Sources */,
			);
			runOnlyForDeploymentPostprocessing = 0;
		};
		EE9BF28024B7EDAC00ED00D5 /* Sources */ = {
			isa = PBXSourcesBuildPhase;
			buildActionMask = 2147483647;
			files = (
				EE9BF28924B7EDAC00ED00D5 /* OpenGL____Tests.m in Sources */,
			);
			runOnlyForDeploymentPostprocessing = 0;
		};
		EE9BF28B24B7EDAC00ED00D5 /* Sources */ = {
			isa = PBXSourcesBuildPhase;
			buildActionMask = 2147483647;
			files = (
				EE9BF29424B7EDAC00ED00D5 /* OpenGL____UITests.m in Sources */,
			);
			runOnlyForDeploymentPostprocessing = 0;
		};
/* End PBXSourcesBuildPhase section */

/* Begin PBXTargetDependency section */
		EE9BF28624B7EDAC00ED00D5 /* PBXTargetDependency */ = {
			isa = PBXTargetDependency;
			target = EE9BF26D24B7EDAA00ED00D5 /* OpenGL图元绘制 */;
			targetProxy = EE9BF28524B7EDAC00ED00D5 /* PBXContainerItemProxy */;
		};
		EE9BF29124B7EDAC00ED00D5 /* PBXTargetDependency */ = {
			isa = PBXTargetDependency;
			target = EE9BF26D24B7EDAA00ED00D5 /* OpenGL图元绘制 */;
			targetProxy = EE9BF29024B7EDAC00ED00D5 /* PBXContainerItemProxy */;
		};
/* End PBXTargetDependency section */

/* Begin XCBuildConfiguration section */
		EE9BF29624B7EDAC00ED00D5 /* Debug */ = {
			isa = XCBuildConfiguration;
			buildSettings = {
				ALWAYS_SEARCH_USER_PATHS = NO;
				CLANG_ANALYZER_NONNULL = YES;
				CLANG_ANALYZER_NUMBER_OBJECT_CONVERSION = YES_AGGRESSIVE;
				CLANG_CXX_LANGUAGE_STANDARD = "gnu++14";
				CLANG_CXX_LIBRARY = "libc++";
				CLANG_ENABLE_MODULES = YES;
				CLANG_ENABLE_OBJC_ARC = YES;
				CLANG_ENABLE_OBJC_WEAK = YES;
				CLANG_WARN_BLOCK_CAPTURE_AUTORELEASING = YES;
				CLANG_WARN_BOOL_CONVERSION = YES;
				CLANG_WARN_COMMA = YES;
				CLANG_WARN_CONSTANT_CONVERSION = YES;
				CLANG_WARN_DEPRECATED_OBJC_IMPLEMENTATIONS = YES;
				CLANG_WARN_DIRECT_OBJC_ISA_USAGE = YES_ERROR;
				CLANG_WARN_DOCUMENTATION_COMMENTS = YES;
				CLANG_WARN_EMPTY_BODY = YES;
				CLANG_WARN_ENUM_CONVERSION = YES;
				CLANG_WARN_INFINITE_RECURSION = YES;
				CLANG_WARN_INT_CONVERSION = YES;
				CLANG_WARN_NON_LITERAL_NULL_CONVERSION = YES;
				CLANG_WARN_OBJC_IMPLICIT_RETAIN_SELF = YES;
				CLANG_WARN_OBJC_LITERAL_CONVERSION = YES;
				CLANG_WARN_OBJC_ROOT_CLASS = YES_ERROR;
				CLANG_WARN_RANGE_LOOP_ANALYSIS = YES;
				CLANG_WARN_STRICT_PROTOTYPES = YES;
				CLANG_WARN_SUSPICIOUS_MOVE = YES;
				CLANG_WARN_UNGUARDED_AVAILABILITY = YES_AGGRESSIVE;
				CLANG_WARN_UNREACHABLE_CODE = YES;
				CLANG_WARN__DUPLICATE_METHOD_MATCH = YES;
				COPY_PHASE_STRIP = NO;
				DEBUG_INFORMATION_FORMAT = dwarf;
				ENABLE_STRICT_OBJC_MSGSEND = YES;
				ENABLE_TESTABILITY = YES;
				GCC_C_LANGUAGE_STANDARD = gnu11;
				GCC_DYNAMIC_NO_PIC = NO;
				GCC_NO_COMMON_BLOCKS = YES;
				GCC_OPTIMIZATION_LEVEL = 0;
				GCC_PREPROCESSOR_DEFINITIONS = (
					"DEBUG=1",
					"$(inherited)",
				);
				GCC_WARN_64_TO_32_BIT_CONVERSION = YES;
				GCC_WARN_ABOUT_RETURN_TYPE = YES_ERROR;
				GCC_WARN_UNDECLARED_SELECTOR = YES;
				GCC_WARN_UNINITIALIZED_AUTOS = YES_AGGRESSIVE;
				GCC_WARN_UNUSED_FUNCTION = YES;
				GCC_WARN_UNUSED_VARIABLE = YES;
				MACOSX_DEPLOYMENT_TARGET = 10.15;
				MTL_ENABLE_DEBUG_INFO = INCLUDE_SOURCE;
				MTL_FAST_MATH = YES;
				ONLY_ACTIVE_ARCH = YES;
				SDKROOT = macosx;
			};
			name = Debug;
		};
		EE9BF29724B7EDAC00ED00D5 /* Release */ = {
			isa = XCBuildConfiguration;
			buildSettings = {
				ALWAYS_SEARCH_USER_PATHS = NO;
				CLANG_ANALYZER_NONNULL = YES;
				CLANG_ANALYZER_NUMBER_OBJECT_CONVERSION = YES_AGGRESSIVE;
				CLANG_CXX_LANGUAGE_STANDARD = "gnu++14";
				CLANG_CXX_LIBRARY = "libc++";
				CLANG_ENABLE_MODULES = YES;
				CLANG_ENABLE_OBJC_ARC = YES;
				CLANG_ENABLE_OBJC_WEAK = YES;
				CLANG_WARN_BLOCK_CAPTURE_AUTORELEASING = YES;
				CLANG_WARN_BOOL_CONVERSION = YES;
				CLANG_WARN_COMMA = YES;
				CLANG_WARN_CONSTANT_CONVERSION = YES;
				CLANG_WARN_DEPRECATED_OBJC_IMPLEMENTATIONS = YES;
				CLANG_WARN_DIRECT_OBJC_ISA_USAGE = YES_ERROR;
				CLANG_WARN_DOCUMENTATION_COMMENTS = YES;
				CLANG_WARN_EMPTY_BODY = YES;
				CLANG_WARN_ENUM_CONVERSION = YES;
				CLANG_WARN_INFINITE_RECURSION = YES;
				CLANG_WARN_INT_CONVERSION = YES;
				CLANG_WARN_NON_LITERAL_NULL_CONVERSION = YES;
				CLANG_WARN_OBJC_IMPLICIT_RETAIN_SELF = YES;
				CLANG_WARN_OBJC_LITERAL_CONVERSION = YES;
				CLANG_WARN_OBJC_ROOT_CLASS = YES_ERROR;
				CLANG_WARN_RANGE_LOOP_ANALYSIS = YES;
				CLANG_WARN_STRICT_PROTOTYPES = YES;
				CLANG_WARN_SUSPICIOUS_MOVE = YES;
				CLANG_WARN_UNGUARDED_AVAILABILITY = YES_AGGRESSIVE;
				CLANG_WARN_UNREACHABLE_CODE = YES;
				CLANG_WARN__DUPLICATE_METHOD_MATCH = YES;
				COPY_PHASE_STRIP = NO;
				DEBUG_INFORMATION_FORMAT = "dwarf-with-dsym";
				ENABLE_NS_ASSERTIONS = NO;
				ENABLE_STRICT_OBJC_MSGSEND = YES;
				GCC_C_LANGUAGE_STANDARD = gnu11;
				GCC_NO_COMMON_BLOCKS = YES;
				GCC_WARN_64_TO_32_BIT_CONVERSION = YES;
				GCC_WARN_ABOUT_RETURN_TYPE = YES_ERROR;
				GCC_WARN_UNDECLARED_SELECTOR = YES;
				GCC_WARN_UNINITIALIZED_AUTOS = YES_AGGRESSIVE;
				GCC_WARN_UNUSED_FUNCTION = YES;
				GCC_WARN_UNUSED_VARIABLE = YES;
				MACOSX_DEPLOYMENT_TARGET = 10.15;
				MTL_ENABLE_DEBUG_INFO = NO;
				MTL_FAST_MATH = YES;
				SDKROOT = macosx;
			};
			name = Release;
		};
		EE9BF29924B7EDAC00ED00D5 /* Debug */ = {
			isa = XCBuildConfiguration;
			buildSettings = {
				ASSETCATALOG_COMPILER_APPICON_NAME = AppIcon;
				CODE_SIGN_ENTITLEMENTS = "OpenGL图元绘制/OpenGL____.entitlements";
				CODE_SIGN_STYLE = Automatic;
				COMBINE_HIDPI_IMAGES = YES;
				DEVELOPMENT_TEAM = CQNZ85QPJM;
				ENABLE_HARDENED_RUNTIME = YES;
				HEADER_SEARCH_PATHS = "\"$(SRCROOT)/OpenGL图元绘制";
				INFOPLIST_FILE = "OpenGL图元绘制/Info.plist";
				LD_RUNPATH_SEARCH_PATHS = (
					"$(inherited)",
					"@executable_path/../Frameworks",
				);
				LIBRARY_SEARCH_PATHS = (
					"$(inherited)",
					"$(PROJECT_DIR)/OpenGL图元绘制",
					"$(PROJECT_DIR)",
				);
				PRODUCT_BUNDLE_IDENTIFIER = "com.ut.OpenGL----";
				PRODUCT_NAME = "$(TARGET_NAME)";
			};
			name = Debug;
		};
		EE9BF29A24B7EDAC00ED00D5 /* Release */ = {
			isa = XCBuildConfiguration;
			buildSettings = {
				ASSETCATALOG_COMPILER_APPICON_NAME = AppIcon;
				CODE_SIGN_ENTITLEMENTS = "OpenGL图元绘制/OpenGL____.entitlements";
				CODE_SIGN_STYLE = Automatic;
				COMBINE_HIDPI_IMAGES = YES;
				DEVELOPMENT_TEAM = CQNZ85QPJM;
				ENABLE_HARDENED_RUNTIME = YES;
				HEADER_SEARCH_PATHS = "\"$(SRCROOT)/OpenGL图元绘制";
				INFOPLIST_FILE = "OpenGL图元绘制/Info.plist";
				LD_RUNPATH_SEARCH_PATHS = (
					"$(inherited)",
					"@executable_path/../Frameworks",
				);
				LIBRARY_SEARCH_PATHS = (
					"$(inherited)",
					"$(PROJECT_DIR)/OpenGL图元绘制",
					"$(PROJECT_DIR)",
				);
				PRODUCT_BUNDLE_IDENTIFIER = "com.ut.OpenGL----";
				PRODUCT_NAME = "$(TARGET_NAME)";
			};
			name = Release;
		};
		EE9BF29C24B7EDAC00ED00D5 /* Debug */ = {
			isa = XCBuildConfiguration;
			buildSettings = {
				BUNDLE_LOADER = "$(TEST_HOST)";
				CODE_SIGN_STYLE = Automatic;
				COMBINE_HIDPI_IMAGES = YES;
				DEVELOPMENT_TEAM = CQNZ85QPJM;
				INFOPLIST_FILE = "OpenGL图元绘制Tests/Info.plist";
				LD_RUNPATH_SEARCH_PATHS = (
					"$(inherited)",
					"@executable_path/../Frameworks",
					"@loader_path/../Frameworks",
				);
				MACOSX_DEPLOYMENT_TARGET = 10.15;
				PRODUCT_BUNDLE_IDENTIFIER = "com.ut.OpenGL----Tests";
				PRODUCT_NAME = "$(TARGET_NAME)";
				TEST_HOST = "$(BUILT_PRODUCTS_DIR)/OpenGL图元绘制.app/Contents/MacOS/OpenGL图元绘制";
			};
			name = Debug;
		};
		EE9BF29D24B7EDAC00ED00D5 /* Release */ = {
			isa = XCBuildConfiguration;
			buildSettings = {
				BUNDLE_LOADER = "$(TEST_HOST)";
				CODE_SIGN_STYLE = Automatic;
				COMBINE_HIDPI_IMAGES = YES;
				DEVELOPMENT_TEAM = CQNZ85QPJM;
				INFOPLIST_FILE = "OpenGL图元绘制Tests/Info.plist";
				LD_RUNPATH_SEARCH_PATHS = (
					"$(inherited)",
					"@executable_path/../Frameworks",
					"@loader_path/../Frameworks",
				);
				MACOSX_DEPLOYMENT_TARGET = 10.15;
				PRODUCT_BUNDLE_IDENTIFIER = "com.ut.OpenGL----Tests";
				PRODUCT_NAME = "$(TARGET_NAME)";
				TEST_HOST = "$(BUILT_PRODUCTS_DIR)/OpenGL图元绘制.app/Contents/MacOS/OpenGL图元绘制";
			};
			name = Release;
		};
		EE9BF29F24B7EDAC00ED00D5 /* Debug */ = {
			isa = XCBuildConfiguration;
			buildSettings = {
				CODE_SIGN_STYLE = Automatic;
				COMBINE_HIDPI_IMAGES = YES;
				DEVELOPMENT_TEAM = CQNZ85QPJM;
				INFOPLIST_FILE = "OpenGL图元绘制UITests/Info.plist";
				LD_RUNPATH_SEARCH_PATHS = (
					"$(inherited)",
					"@executable_path/../Frameworks",
					"@loader_path/../Frameworks",
				);
				PRODUCT_BUNDLE_IDENTIFIER = "com.ut.OpenGL----UITests";
				PRODUCT_NAME = "$(TARGET_NAME)";
				TEST_TARGET_NAME = "OpenGL图元绘制";
			};
			name = Debug;
		};
		EE9BF2A024B7EDAC00ED00D5 /* Release */ = {
			isa = XCBuildConfiguration;
			buildSettings = {
				CODE_SIGN_STYLE = Automatic;
				COMBINE_HIDPI_IMAGES = YES;
				DEVELOPMENT_TEAM = CQNZ85QPJM;
				INFOPLIST_FILE = "OpenGL图元绘制UITests/Info.plist";
				LD_RUNPATH_SEARCH_PATHS = (
					"$(inherited)",
					"@executable_path/../Frameworks",
					"@loader_path/../Frameworks",
				);
				PRODUCT_BUNDLE_IDENTIFIER = "com.ut.OpenGL----UITests";
				PRODUCT_NAME = "$(TARGET_NAME)";
				TEST_TARGET_NAME = "OpenGL图元绘制";
			};
			name = Release;
		};
/* End XCBuildConfiguration section */

/* Begin XCConfigurationList section */
		EE9BF26924B7EDAA00ED00D5 /* Build configuration list for PBXProject "OpenGL图元绘制" */ = {
			isa = XCConfigurationList;
			buildConfigurations = (
				EE9BF29624B7EDAC00ED00D5 /* Debug */,
				EE9BF29724B7EDAC00ED00D5 /* Release */,
			);
			defaultConfigurationIsVisible = 0;
			defaultConfigurationName = Release;
		};
		EE9BF29824B7EDAC00ED00D5 /* Build configuration list for PBXNativeTarget "OpenGL图元绘制" */ = {
			isa = XCConfigurationList;
			buildConfigurations = (
				EE9BF29924B7EDAC00ED00D5 /* Debug */,
				EE9BF29A24B7EDAC00ED00D5 /* Release */,
			);
			defaultConfigurationIsVisible = 0;
			defaultConfigurationName = Release;
		};
		EE9BF29B24B7EDAC00ED00D5 /* Build configuration list for PBXNativeTarget "OpenGL图元绘制Tests" */ = {
			isa = XCConfigurationList;
			buildConfigurations = (
				EE9BF29C24B7EDAC00ED00D5 /* Debug */,
				EE9BF29D24B7EDAC00ED00D5 /* Release */,
			);
			defaultConfigurationIsVisible = 0;
			defaultConfigurationName = Release;
		};
		EE9BF29E24B7EDAC00ED00D5 /* Build configuration list for PBXNativeTarget "OpenGL图元绘制UITests" */ = {
			isa = XCConfigurationList;
			buildConfigurations = (
				EE9BF29F24B7EDAC00ED00D5 /* Debug */,
				EE9BF2A024B7EDAC00ED00D5 /* Release */,
			);
			defaultConfigurationIsVisible = 0;
			defaultConfigurationName = Release;
		};
/* End XCConfigurationList section */
	};
	rootObject = EE9BF26624B7EDAA00ED00D5 /* Project object */;
}
